
Microsoft Visual Studio Solution File, Format Version 12.00
# Visual Studio Version 17
VisualStudioVersion = 17.3.32929.385
MinimumVisualStudioVersion = 10.0.40219.1
Project("{FAE04EC0-301F-11D3-BF4B-00C04F79EFBC}") = "StoreBookEFR", "StoreBookEFR\StoreBookEFR.csproj", "{ECAD4B17-5ECE-45B2-884E-8544E2A412BA}"
EndProject
Global
	GlobalSection(SolutionConfigurationPlatforms) = preSolution
		Debug|Any CPU = Debug|Any CPU
		Release|Any CPU = Release|Any CPU
	EndGlobalSection
	GlobalSection(ProjectConfigurationPlatforms) = postSolution
		{ECAD4B17-5ECE-45B2-884E-8544E2A412BA}.Debug|Any CPU.ActiveCfg = Debug|Any CPU
		{ECAD4B17-5ECE-45B2-884E-8544E2A412BA}.Debug|Any CPU.Build.0 = Debug|Any CPU
		{ECAD4B17-5ECE-45B2-884E-8544E2A412BA}.Release|Any CPU.ActiveCfg = Release|Any CPU
		{ECAD4B17-5ECE-45B2-884E-8544E2A412BA}.Release|Any CPU.Build.0 = Release|Any CPU
	EndGlobalSection
	GlobalSection(SolutionProperties) = preSolution
		HideSolutionNode = FALSE
	EndGlobalSection
	GlobalSection(ExtensibilityGlobals) = postSolution
		SolutionGuid = {DFA2A8EA-E2D7-47C6-A2B9-7ECA2D8A60A7}
	EndGlobalSection
EndGlobal
